
Microsoft Visual Studio Solution File, Format Version 12.00
# Visual Studio Version 16
VisualStudioVersion = 16.0.30328.9
MinimumVisualStudioVersion = 15.0.26124.0
Project("{2150E333-8FDC-42A3-9474-1A3956D46DE8}") = "src", "src", "{A038EF9C-B745-4675-B525-B32EF30676BA}"
EndProject
Project("{9A19103F-16F7-4668-BE54-9A1E7A4F7556}") = "MetalMonkey.Core", "src\MetalMonkey.Core\MetalMonkey.Core.csproj", "{6404C6EE-305B-47AD-A968-B14ABBCC50B1}"
EndProject
Project("{9A19103F-16F7-4668-BE54-9A1E7A4F7556}") = "MetalMonkey.Engine", "src\MetalMonkey.Engine\MetalMonkey.Engine.csproj", "{781C84DE-74A1-4A37-A207-A6AF82B8E7E1}"
EndProject
Project("{9A19103F-16F7-4668-BE54-9A1E7A4F7556}") = "MetalMonkey.Site", "src\MetalMonkey.Site\MetalMonkey.Site.csproj", "{952943D6-5748-4C92-813F-42CF4C4CBD15}"
EndProject
Global
	GlobalSection(SolutionConfigurationPlatforms) = preSolution
		Debug|Any CPU = Debug|Any CPU
		Debug|x64 = Debug|x64
		Debug|x86 = Debug|x86
		Release|Any CPU = Release|Any CPU
		Release|x64 = Release|x64
		Release|x86 = Release|x86
	EndGlobalSection
	GlobalSection(ProjectConfigurationPlatforms) = postSolution
		{6404C6EE-305B-47AD-A968-B14ABBCC50B1}.Debug|Any CPU.ActiveCfg = Debug|Any CPU
		{6404C6EE-305B-47AD-A968-B14ABBCC50B1}.Debug|Any CPU.Build.0 = Debug|Any CPU
		{6404C6EE-305B-47AD-A968-B14ABBCC50B1}.Debug|x64.ActiveCfg = Debug|Any CPU
		{6404C6EE-305B-47AD-A968-B14ABBCC50B1}.Debug|x64.Build.0 = Debug|Any CPU
		{6404C6EE-305B-47AD-A968-B14ABBCC50B1}.Debug|x86.ActiveCfg = Debug|Any CPU
		{6404C6EE-305B-47AD-A968-B14ABBCC50B1}.Debug|x86.Build.0 = Debug|Any CPU
		{6404C6EE-305B-47AD-A968-B14ABBCC50B1}.Release|Any CPU.ActiveCfg = Release|Any CPU
		{6404C6EE-305B-47AD-A968-B14ABBCC50B1}.Release|Any CPU.Build.0 = Release|Any CPU
		{6404C6EE-305B-47AD-A968-B14ABBCC50B1}.Release|x64.ActiveCfg = Release|Any CPU
		{6404C6EE-305B-47AD-A968-B14ABBCC50B1}.Release|x64.Build.0 = Release|Any CPU
		{6404C6EE-305B-47AD-A968-B14ABBCC50B1}.Release|x86.ActiveCfg = Release|Any CPU
		{6404C6EE-305B-47AD-A968-B14ABBCC50B1}.Release|x86.Build.0 = Release|Any CPU
		{781C84DE-74A1-4A37-A207-A6AF82B8E7E1}.Debug|Any CPU.ActiveCfg = Debug|Any CPU
		{781C84DE-74A1-4A37-A207-A6AF82B8E7E1}.Debug|Any CPU.Build.0 = Debug|Any CPU
		{781C84DE-74A1-4A37-A207-A6AF82B8E7E1}.Debug|x64.ActiveCfg = Debug|Any CPU
		{781C84DE-74A1-4A37-A207-A6AF82B8E7E1}.Debug|x64.Build.0 = Debug|Any CPU
		{781C84DE-74A1-4A37-A207-A6AF82B8E7E1}.Debug|x86.ActiveCfg = Debug|Any CPU
		{781C84DE-74A1-4A37-A207-A6AF82B8E7E1}.Debug|x86.Build.0 = Debug|Any CPU
		{781C84DE-74A1-4A37-A207-A6AF82B8E7E1}.Release|Any CPU.ActiveCfg = Release|Any CPU
		{781C84DE-74A1-4A37-A207-A6AF82B8E7E1}.Release|Any CPU.Build.0 = Release|Any CPU
		{781C84DE-74A1-4A37-A207-A6AF82B8E7E1}.Release|x64.ActiveCfg = Release|Any CPU
		{781C84DE-74A1-4A37-A207-A6AF82B8E7E1}.Release|x64.Build.0 = Release|Any CPU
		{781C84DE-74A1-4A37-A207-A6AF82B8E7E1}.Release|x86.ActiveCfg = Release|Any CPU
		{781C84DE-74A1-4A37-A207-A6AF82B8E7E1}.Release|x86.Build.0 = Release|Any CPU
		{952943D6-5748-4C92-813F-42CF4C4CBD15}.Debug|Any CPU.ActiveCfg = Debug|Any CPU
		{952943D6-5748-4C92-813F-42CF4C4CBD15}.Debug|Any CPU.Build.0 = Debug|Any CPU
		{952943D6-5748-4C92-813F-42CF4C4CBD15}.Debug|x64.ActiveCfg = Debug|Any CPU
		{952943D6-5748-4C92-813F-42CF4C4CBD15}.Debug|x64.Build.0 = Debug|Any CPU
		{952943D6-5748-4C92-813F-42CF4C4CBD15}.Debug|x86.ActiveCfg = Debug|Any CPU
		{952943D6-5748-4C92-813F-42CF4C4CBD15}.Debug|x86.Build.0 = Debug|Any CPU
		{952943D6-5748-4C92-813F-42CF4C4CBD15}.Release|Any CPU.ActiveCfg = Release|Any CPU
		{952943D6-5748-4C92-813F-42CF4C4CBD15}.Release|Any CPU.Build.0 = Release|Any CPU
		{952943D6-5748-4C92-813F-42CF4C4CBD15}.Release|x64.ActiveCfg = Release|Any CPU
		{952943D6-5748-4C92-813F-42CF4C4CBD15}.Release|x64.Build.0 = Release|Any CPU
		{952943D6-5748-4C92-813F-42CF4C4CBD15}.Release|x86.ActiveCfg = Release|Any CPU
		{952943D6-5748-4C92-813F-42CF4C4CBD15}.Release|x86.Build.0 = Release|Any CPU
	EndGlobalSection
	GlobalSection(SolutionProperties) = preSolution
		HideSolutionNode = FALSE
	EndGlobalSection
	GlobalSection(NestedProjects) = preSolution
		{6404C6EE-305B-47AD-A968-B14ABBCC50B1} = {A038EF9C-B745-4675-B525-B32EF30676BA}
		{781C84DE-74A1-4A37-A207-A6AF82B8E7E1} = {A038EF9C-B745-4675-B525-B32EF30676BA}
		{952943D6-5748-4C92-813F-42CF4C4CBD15} = {A038EF9C-B745-4675-B525-B32EF30676BA}
	EndGlobalSection
	GlobalSection(ExtensibilityGlobals) = postSolution
		SolutionGuid = {F5C9E9B0-99AB-4E77-AE24-7B42F071A884}
	EndGlobalSection
EndGlobal
