
Microsoft Visual Studio Solution File, Format Version 12.00
# Visual Studio Version 16
VisualStudioVersion = 16.0.30331.60
MinimumVisualStudioVersion = 10.0.40219.1
Project("{9A19103F-16F7-4668-BE54-9A1E7A4F7556}") = "MetalMonkey.Engine", "MetalMonkey.Engine\MetalMonkey.Engine.csproj", "{F402994F-CF90-493F-95C8-384669363120}"
EndProject
Project("{2150E333-8FDC-42A3-9474-1A3956D46DE8}") = "Solution Items", "Solution Items", "{429D543B-E27D-4B31-B1A1-A5FAC32E9963}"
	ProjectSection(SolutionItems) = preProject
		..\..\Directory.Build.props = ..\..\Directory.Build.props
	EndProjectSection
EndProject
Project("{9A19103F-16F7-4668-BE54-9A1E7A4F7556}") = "MetalMonkey.Site", "MetalMonkey.Site\MetalMonkey.Site.csproj", "{BF40957A-7648-4369-BFFB-5D4ECEAA0DC3}"
EndProject
Global
	GlobalSection(SolutionConfigurationPlatforms) = preSolution
		Debug|Any CPU = Debug|Any CPU
		Release|Any CPU = Release|Any CPU
	EndGlobalSection
	GlobalSection(ProjectConfigurationPlatforms) = postSolution
		{F402994F-CF90-493F-95C8-384669363120}.Debug|Any CPU.ActiveCfg = Debug|Any CPU
		{F402994F-CF90-493F-95C8-384669363120}.Debug|Any CPU.Build.0 = Debug|Any CPU
		{F402994F-CF90-493F-95C8-384669363120}.Release|Any CPU.ActiveCfg = Release|Any CPU
		{F402994F-CF90-493F-95C8-384669363120}.Release|Any CPU.Build.0 = Release|Any CPU
		{BF40957A-7648-4369-BFFB-5D4ECEAA0DC3}.Debug|Any CPU.ActiveCfg = Debug|Any CPU
		{BF40957A-7648-4369-BFFB-5D4ECEAA0DC3}.Debug|Any CPU.Build.0 = Debug|Any CPU
		{BF40957A-7648-4369-BFFB-5D4ECEAA0DC3}.Release|Any CPU.ActiveCfg = Release|Any CPU
		{BF40957A-7648-4369-BFFB-5D4ECEAA0DC3}.Release|Any CPU.Build.0 = Release|Any CPU
	EndGlobalSection
	GlobalSection(SolutionProperties) = preSolution
		HideSolutionNode = FALSE
	EndGlobalSection
	GlobalSection(ExtensibilityGlobals) = postSolution
		SolutionGuid = {32F4AC6E-7169-4066-BCE8-587090B5997F}
	EndGlobalSection
EndGlobal
